// !$*UTF8*$!
{
	archiveVersion = 1;
	classes = {
	};
	objectVersion = 46;
	objects = {

/* Begin PBXBuildFile section */
		8C93FE341C5D520700C420FA /* bass_fart.aif in Resources */ = {isa = PBXBuildFile; fileRef = 8C93FE2F1C5D520700C420FA /* bass_fart.aif */; };
		8C93FE351C5D520700C420FA /* buzzsaw-bass-synth.aif in Resources */ = {isa = PBXBuildFile; fileRef = 8C93FE301C5D520700C420FA /* buzzsaw-bass-synth.aif */; };
		8C93FE361C5D520700C420FA /* curiousbass.aif in Resources */ = {isa = PBXBuildFile; fileRef = 8C93FE311C5D520700C420FA /* curiousbass.aif */; };
		8C93FE371C5D520700C420FA /* ohh.aif in Resources */ = {isa = PBXBuildFile; fileRef = 8C93FE321C5D520700C420FA /* ohh.aif */; };
		8C93FE381C5D520700C420FA /* vocalhit.aif in Resources */ = {isa = PBXBuildFile; fileRef = 8C93FE331C5D520700C420FA /* vocalhit.aif */; };
		D0EFB6EB1C5C90E800929E9D /* AppDelegate.swift in Sources */ = {isa = PBXBuildFile; fileRef = D0EFB6EA1C5C90E800929E9D /* AppDelegate.swift */; };
		D0EFB6ED1C5C90E800929E9D /* ViewController.swift in Sources */ = {isa = PBXBuildFile; fileRef = D0EFB6EC1C5C90E800929E9D /* ViewController.swift */; };
		D0EFB6EF1C5C90E800929E9D /* Assets.xcassets in Resources */ = {isa = PBXBuildFile; fileRef = D0EFB6EE1C5C90E800929E9D /* Assets.xcassets */; };
		D0EFB6F21C5C90E800929E9D /* Main.storyboard in Resources */ = {isa = PBXBuildFile; fileRef = D0EFB6F01C5C90E800929E9D /* Main.storyboard */; };
		D0EFB6FD1C5C90E800929E9D /* MyoBeatz4_0Tests.swift in Sources */ = {isa = PBXBuildFile; fileRef = D0EFB6FC1C5C90E800929E9D /* MyoBeatz4_0Tests.swift */; };
		D0EFB7081C5C90E800929E9D /* MyoBeatz4_0UITests.swift in Sources */ = {isa = PBXBuildFile; fileRef = D0EFB7071C5C90E800929E9D /* MyoBeatz4_0UITests.swift */; };
		D0EFB7171C5C96F900929E9D /* EditViewController.swift in Sources */ = {isa = PBXBuildFile; fileRef = D0EFB7161C5C96F900929E9D /* EditViewController.swift */; };
		D0EFB71B1C5C9BB100929E9D /* dataHashMap.swift in Sources */ = {isa = PBXBuildFile; fileRef = D0EFB71A1C5C9BB100929E9D /* dataHashMap.swift */; };
		D0EFB7311C5D184900929E9D /* YourSoundsViewController.swift in Sources */ = {isa = PBXBuildFile; fileRef = D0EFB7301C5D184900929E9D /* YourSoundsViewController.swift */; };
		D0EFB7361C5D2B1C00929E9D /* dataMusicHash.swift in Sources */ = {isa = PBXBuildFile; fileRef = D0EFB7351C5D2B1C00929E9D /* dataMusicHash.swift */; };
/* End PBXBuildFile section */

/* Begin PBXContainerItemProxy section */
		D0EFB6F91C5C90E800929E9D /* PBXContainerItemProxy */ = {
			isa = PBXContainerItemProxy;
			containerPortal = D0EFB6DF1C5C90E800929E9D /* Project object */;
			proxyType = 1;
			remoteGlobalIDString = D0EFB6E61C5C90E800929E9D;
			remoteInfo = MyoBeatz4.0;
		};
		D0EFB7041C5C90E800929E9D /* PBXContainerItemProxy */ = {
			isa = PBXContainerItemProxy;
			containerPortal = D0EFB6DF1C5C90E800929E9D /* Project object */;
			proxyType = 1;
			remoteGlobalIDString = D0EFB6E61C5C90E800929E9D;
			remoteInfo = MyoBeatz4.0;
		};
/* End PBXContainerItemProxy section */

/* Begin PBXFileReference section */
		8C93FE2F1C5D520700C420FA /* bass_fart.aif */ = {isa = PBXFileReference; lastKnownFileType = file; path = bass_fart.aif; sourceTree = "<group>"; };
		8C93FE301C5D520700C420FA /* buzzsaw-bass-synth.aif */ = {isa = PBXFileReference; lastKnownFileType = file; path = "buzzsaw-bass-synth.aif"; sourceTree = "<group>"; };
		8C93FE311C5D520700C420FA /* curiousbass.aif */ = {isa = PBXFileReference; lastKnownFileType = file; path = curiousbass.aif; sourceTree = "<group>"; };
		8C93FE321C5D520700C420FA /* ohh.aif */ = {isa = PBXFileReference; lastKnownFileType = file; path = ohh.aif; sourceTree = "<group>"; };
		8C93FE331C5D520700C420FA /* vocalhit.aif */ = {isa = PBXFileReference; lastKnownFileType = file; path = vocalhit.aif; sourceTree = "<group>"; };
		D0EFB6E71C5C90E800929E9D /* MyoBeatz4.0.app */ = {isa = PBXFileReference; explicitFileType = wrapper.application; includeInIndex = 0; path = MyoBeatz4.0.app; sourceTree = BUILT_PRODUCTS_DIR; };
		D0EFB6EA1C5C90E800929E9D /* AppDelegate.swift */ = {isa = PBXFileReference; lastKnownFileType = sourcecode.swift; path = AppDelegate.swift; sourceTree = "<group>"; };
		D0EFB6EC1C5C90E800929E9D /* ViewController.swift */ = {isa = PBXFileReference; lastKnownFileType = sourcecode.swift; path = ViewController.swift; sourceTree = "<group>"; };
		D0EFB6EE1C5C90E800929E9D /* Assets.xcassets */ = {isa = PBXFileReference; lastKnownFileType = folder.assetcatalog; path = Assets.xcassets; sourceTree = "<group>"; };
		D0EFB6F11C5C90E800929E9D /* Base */ = {isa = PBXFileReference; lastKnownFileType = file.storyboard; name = Base; path = Base.lproj/Main.storyboard; sourceTree = "<group>"; };
		D0EFB6F31C5C90E800929E9D /* Info.plist */ = {isa = PBXFileReference; lastKnownFileType = text.plist.xml; path = Info.plist; sourceTree = "<group>"; };
		D0EFB6F81C5C90E800929E9D /* MyoBeatz4.0Tests.xctest */ = {isa = PBXFileReference; explicitFileType = wrapper.cfbundle; includeInIndex = 0; path = MyoBeatz4.0Tests.xctest; sourceTree = BUILT_PRODUCTS_DIR; };
		D0EFB6FC1C5C90E800929E9D /* MyoBeatz4_0Tests.swift */ = {isa = PBXFileReference; lastKnownFileType = sourcecode.swift; path = MyoBeatz4_0Tests.swift; sourceTree = "<group>"; };
		D0EFB6FE1C5C90E800929E9D /* Info.plist */ = {isa = PBXFileReference; lastKnownFileType = text.plist.xml; path = Info.plist; sourceTree = "<group>"; };
		D0EFB7031C5C90E800929E9D /* MyoBeatz4.0UITests.xctest */ = {isa = PBXFileReference; explicitFileType = wrapper.cfbundle; includeInIndex = 0; path = MyoBeatz4.0UITests.xctest; sourceTree = BUILT_PRODUCTS_DIR; };
		D0EFB7071C5C90E800929E9D /* MyoBeatz4_0UITests.swift */ = {isa = PBXFileReference; lastKnownFileType = sourcecode.swift; path = MyoBeatz4_0UITests.swift; sourceTree = "<group>"; };
		D0EFB7091C5C90E800929E9D /* Info.plist */ = {isa = PBXFileReference; lastKnownFileType = text.plist.xml; path = Info.plist; sourceTree = "<group>"; };
		D0EFB7161C5C96F900929E9D /* EditViewController.swift */ = {isa = PBXFileReference; fileEncoding = 4; lastKnownFileType = sourcecode.swift; path = EditViewController.swift; sourceTree = "<group>"; };
		D0EFB71A1C5C9BB100929E9D /* dataHashMap.swift */ = {isa = PBXFileReference; fileEncoding = 4; lastKnownFileType = sourcecode.swift; path = dataHashMap.swift; sourceTree = "<group>"; };
		D0EFB7301C5D184900929E9D /* YourSoundsViewController.swift */ = {isa = PBXFileReference; fileEncoding = 4; lastKnownFileType = sourcecode.swift; path = YourSoundsViewController.swift; sourceTree = "<group>"; };
		D0EFB7351C5D2B1C00929E9D /* dataMusicHash.swift */ = {isa = PBXFileReference; fileEncoding = 4; lastKnownFileType = sourcecode.swift; path = dataMusicHash.swift; sourceTree = "<group>"; };
/* End PBXFileReference section */

/* Begin PBXFrameworksBuildPhase section */
		D0EFB6E41C5C90E800929E9D /* Frameworks */ = {
			isa = PBXFrameworksBuildPhase;
			buildActionMask = 2147483647;
			files = (
			);
			runOnlyForDeploymentPostprocessing = 0;
		};
		D0EFB6F51C5C90E800929E9D /* Frameworks */ = {
			isa = PBXFrameworksBuildPhase;
			buildActionMask = 2147483647;
			files = (
			);
			runOnlyForDeploymentPostprocessing = 0;
		};
		D0EFB7001C5C90E800929E9D /* Frameworks */ = {
			isa = PBXFrameworksBuildPhase;
			buildActionMask = 2147483647;
			files = (
			);
			runOnlyForDeploymentPostprocessing = 0;
		};
/* End PBXFrameworksBuildPhase section */

/* Begin PBXGroup section */
		D0EFB6DE1C5C90E800929E9D = {
			isa = PBXGroup;
			children = (
				D0EFB6E91C5C90E800929E9D /* MyoBeatz4.0 */,
				D0EFB6FB1C5C90E800929E9D /* MyoBeatz4.0Tests */,
				D0EFB7061C5C90E800929E9D /* MyoBeatz4.0UITests */,
				D0EFB6E81C5C90E800929E9D /* Products */,
			);
			sourceTree = "<group>";
		};
		D0EFB6E81C5C90E800929E9D /* Products */ = {
			isa = PBXGroup;
			children = (
				D0EFB6E71C5C90E800929E9D /* MyoBeatz4.0.app */,
				D0EFB6F81C5C90E800929E9D /* MyoBeatz4.0Tests.xctest */,
				D0EFB7031C5C90E800929E9D /* MyoBeatz4.0UITests.xctest */,
			);
			name = Products;
			sourceTree = "<group>";
		};
		D0EFB6E91C5C90E800929E9D /* MyoBeatz4.0 */ = {
			isa = PBXGroup;
			children = (
				D0EFB7391C5D7B0B00929E9D /* Supporting Files */,
				D0EFB6EA1C5C90E800929E9D /* AppDelegate.swift */,
				D0EFB6EC1C5C90E800929E9D /* ViewController.swift */,
				D0EFB7161C5C96F900929E9D /* EditViewController.swift */,
				D0EFB7301C5D184900929E9D /* YourSoundsViewController.swift */,
				D0EFB7321C5D2AD200929E9D /* Data */,
				D0EFB6EE1C5C90E800929E9D /* Assets.xcassets */,
				D0EFB6F01C5C90E800929E9D /* Main.storyboard */,
				D0EFB6F31C5C90E800929E9D /* Info.plist */,
				D0EFB7381C5D427200929E9D /* Music */,
				D0EFB71C1C5D025F00929E9D /* Sounds */,
			);
			path = MyoBeatz4.0;
			sourceTree = "<group>";
		};
		D0EFB6FB1C5C90E800929E9D /* MyoBeatz4.0Tests */ = {
			isa = PBXGroup;
			children = (
				D0EFB6FC1C5C90E800929E9D /* MyoBeatz4_0Tests.swift */,
				D0EFB6FE1C5C90E800929E9D /* Info.plist */,
			);
			path = MyoBeatz4.0Tests;
			sourceTree = "<group>";
		};
		D0EFB7061C5C90E800929E9D /* MyoBeatz4.0UITests */ = {
			isa = PBXGroup;
			children = (
				D0EFB7071C5C90E800929E9D /* MyoBeatz4_0UITests.swift */,
				D0EFB7091C5C90E800929E9D /* Info.plist */,
			);
			path = MyoBeatz4.0UITests;
			sourceTree = "<group>";
		};
		D0EFB71C1C5D025F00929E9D /* Sounds */ = {
			isa = PBXGroup;
			children = (
				8C93FE2F1C5D520700C420FA /* bass_fart.aif */,
				8C93FE301C5D520700C420FA /* buzzsaw-bass-synth.aif */,
				8C93FE311C5D520700C420FA /* curiousbass.aif */,
				8C93FE321C5D520700C420FA /* ohh.aif */,
				8C93FE331C5D520700C420FA /* vocalhit.aif */,
			);
			name = Sounds;
			sourceTree = "<group>";
		};
		D0EFB7321C5D2AD200929E9D /* Data */ = {
			isa = PBXGroup;
			children = (
				D0EFB71A1C5C9BB100929E9D /* dataHashMap.swift */,
				D0EFB7351C5D2B1C00929E9D /* dataMusicHash.swift */,
			);
			name = Data;
			sourceTree = "<group>";
		};
		D0EFB7381C5D427200929E9D /* Music */ = {
			isa = PBXGroup;
			children = (
			);
			name = Music;
			sourceTree = "<group>";
		};
		D0EFB7391C5D7B0B00929E9D /* Supporting Files */ = {
			isa = PBXGroup;
			children = (
			);
			name = "Supporting Files";
			sourceTree = "<group>";
		};
/* End PBXGroup section */

/* Begin PBXNativeTarget section */
		D0EFB6E61C5C90E800929E9D /* MyoBeatz4.0 */ = {
			isa = PBXNativeTarget;
			buildConfigurationList = D0EFB70C1C5C90E800929E9D /* Build configuration list for PBXNativeTarget "MyoBeatz4.0" */;
			buildPhases = (
				D0EFB6E31C5C90E800929E9D /* Sources */,
				D0EFB6E41C5C90E800929E9D /* Frameworks */,
				D0EFB6E51C5C90E800929E9D /* Resources */,
			);
			buildRules = (
			);
			dependencies = (
			);
			name = MyoBeatz4.0;
			productName = MyoBeatz4.0;
			productReference = D0EFB6E71C5C90E800929E9D /* MyoBeatz4.0.app */;
			productType = "com.apple.product-type.application";
		};
		D0EFB6F71C5C90E800929E9D /* MyoBeatz4.0Tests */ = {
			isa = PBXNativeTarget;
			buildConfigurationList = D0EFB70F1C5C90E800929E9D /* Build configuration list for PBXNativeTarget "MyoBeatz4.0Tests" */;
			buildPhases = (
				D0EFB6F41C5C90E800929E9D /* Sources */,
				D0EFB6F51C5C90E800929E9D /* Frameworks */,
				D0EFB6F61C5C90E800929E9D /* Resources */,
			);
			buildRules = (
			);
			dependencies = (
				D0EFB6FA1C5C90E800929E9D /* PBXTargetDependency */,
			);
			name = MyoBeatz4.0Tests;
			productName = MyoBeatz4.0Tests;
			productReference = D0EFB6F81C5C90E800929E9D /* MyoBeatz4.0Tests.xctest */;
			productType = "com.apple.product-type.bundle.unit-test";
		};
		D0EFB7021C5C90E800929E9D /* MyoBeatz4.0UITests */ = {
			isa = PBXNativeTarget;
			buildConfigurationList = D0EFB7121C5C90E800929E9D /* Build configuration list for PBXNativeTarget "MyoBeatz4.0UITests" */;
			buildPhases = (
				D0EFB6FF1C5C90E800929E9D /* Sources */,
				D0EFB7001C5C90E800929E9D /* Frameworks */,
				D0EFB7011C5C90E800929E9D /* Resources */,
			);
			buildRules = (
			);
			dependencies = (
				D0EFB7051C5C90E800929E9D /* PBXTargetDependency */,
			);
			name = MyoBeatz4.0UITests;
			productName = MyoBeatz4.0UITests;
			productReference = D0EFB7031C5C90E800929E9D /* MyoBeatz4.0UITests.xctest */;
			productType = "com.apple.product-type.bundle.ui-testing";
		};
/* End PBXNativeTarget section */

/* Begin PBXProject section */
		D0EFB6DF1C5C90E800929E9D /* Project object */ = {
			isa = PBXProject;
			attributes = {
				LastSwiftUpdateCheck = 0720;
				LastUpgradeCheck = 0720;
				ORGANIZATIONNAME = "Julien Homble";
				TargetAttributes = {
					D0EFB6E61C5C90E800929E9D = {
						CreatedOnToolsVersion = 7.2;
					};
					D0EFB6F71C5C90E800929E9D = {
						CreatedOnToolsVersion = 7.2;
						TestTargetID = D0EFB6E61C5C90E800929E9D;
					};
					D0EFB7021C5C90E800929E9D = {
						CreatedOnToolsVersion = 7.2;
						TestTargetID = D0EFB6E61C5C90E800929E9D;
					};
				};
			};
			buildConfigurationList = D0EFB6E21C5C90E800929E9D /* Build configuration list for PBXProject "MyoBeatz4.0" */;
			compatibilityVersion = "Xcode 3.2";
			developmentRegion = English;
			hasScannedForEncodings = 0;
			knownRegions = (
				en,
				Base,
			);
			mainGroup = D0EFB6DE1C5C90E800929E9D;
			productRefGroup = D0EFB6E81C5C90E800929E9D /* Products */;
			projectDirPath = "";
			projectRoot = "";
			targets = (
				D0EFB6E61C5C90E800929E9D /* MyoBeatz4.0 */,
				D0EFB6F71C5C90E800929E9D /* MyoBeatz4.0Tests */,
				D0EFB7021C5C90E800929E9D /* MyoBeatz4.0UITests */,
			);
		};
/* End PBXProject section */

/* Begin PBXResourcesBuildPhase section */
		D0EFB6E51C5C90E800929E9D /* Resources */ = {
			isa = PBXResourcesBuildPhase;
			buildActionMask = 2147483647;
			files = (
				8C93FE371C5D520700C420FA /* ohh.aif in Resources */,
				D0EFB6EF1C5C90E800929E9D /* Assets.xcassets in Resources */,
				D0EFB6F21C5C90E800929E9D /* Main.storyboard in Resources */,
				8C93FE341C5D520700C420FA /* bass_fart.aif in Resources */,
				8C93FE381C5D520700C420FA /* vocalhit.aif in Resources */,
				8C93FE351C5D520700C420FA /* buzzsaw-bass-synth.aif in Resources */,
				8C93FE361C5D520700C420FA /* curiousbass.aif in Resources */,
			);
			runOnlyForDeploymentPostprocessing = 0;
		};
		D0EFB6F61C5C90E800929E9D /* Resources */ = {
			isa = PBXResourcesBuildPhase;
			buildActionMask = 2147483647;
			files = (
			);
			runOnlyForDeploymentPostprocessing = 0;
		};
		D0EFB7011C5C90E800929E9D /* Resources */ = {
			isa = PBXResourcesBuildPhase;
			buildActionMask = 2147483647;
			files = (
			);
			runOnlyForDeploymentPostprocessing = 0;
		};
/* End PBXResourcesBuildPhase section */

/* Begin PBXSourcesBuildPhase section */
		D0EFB6E31C5C90E800929E9D /* Sources */ = {
			isa = PBXSourcesBuildPhase;
			buildActionMask = 2147483647;
			files = (
				D0EFB7311C5D184900929E9D /* YourSoundsViewController.swift in Sources */,
				D0EFB71B1C5C9BB100929E9D /* dataHashMap.swift in Sources */,
				D0EFB6ED1C5C90E800929E9D /* ViewController.swift in Sources */,
				D0EFB7361C5D2B1C00929E9D /* dataMusicHash.swift in Sources */,
				D0EFB6EB1C5C90E800929E9D /* AppDelegate.swift in Sources */,
				D0EFB7171C5C96F900929E9D /* EditViewController.swift in Sources */,
			);
			runOnlyForDeploymentPostprocessing = 0;
		};
		D0EFB6F41C5C90E800929E9D /* Sources */ = {
			isa = PBXSourcesBuildPhase;
			buildActionMask = 2147483647;
			files = (
				D0EFB6FD1C5C90E800929E9D /* MyoBeatz4_0Tests.swift in Sources */,
			);
			runOnlyForDeploymentPostprocessing = 0;
		};
		D0EFB6FF1C5C90E800929E9D /* Sources */ = {
			isa = PBXSourcesBuildPhase;
			buildActionMask = 2147483647;
			files = (
				D0EFB7081C5C90E800929E9D /* MyoBeatz4_0UITests.swift in Sources */,
			);
			runOnlyForDeploymentPostprocessing = 0;
		};
/* End PBXSourcesBuildPhase section */

/* Begin PBXTargetDependency section */
		D0EFB6FA1C5C90E800929E9D /* PBXTargetDependency */ = {
			isa = PBXTargetDependency;
			target = D0EFB6E61C5C90E800929E9D /* MyoBeatz4.0 */;
			targetProxy = D0EFB6F91C5C90E800929E9D /* PBXContainerItemProxy */;
		};
		D0EFB7051C5C90E800929E9D /* PBXTargetDependency */ = {
			isa = PBXTargetDependency;
			target = D0EFB6E61C5C90E800929E9D /* MyoBeatz4.0 */;
			targetProxy = D0EFB7041C5C90E800929E9D /* PBXContainerItemProxy */;
		};
/* End PBXTargetDependency section */

/* Begin PBXVariantGroup section */
		D0EFB6F01C5C90E800929E9D /* Main.storyboard */ = {
			isa = PBXVariantGroup;
			children = (
				D0EFB6F11C5C90E800929E9D /* Base */,
			);
			name = Main.storyboard;
			sourceTree = "<group>";
		};
/* End PBXVariantGroup section */

/* Begin XCBuildConfiguration section */
		D0EFB70A1C5C90E800929E9D /* Debug */ = {
			isa = XCBuildConfiguration;
			buildSettings = {
				ALWAYS_SEARCH_USER_PATHS = NO;
				CLANG_CXX_LANGUAGE_STANDARD = "gnu++0x";
				CLANG_CXX_LIBRARY = "libc++";
				CLANG_ENABLE_MODULES = YES;
				CLANG_ENABLE_OBJC_ARC = YES;
				CLANG_WARN_BOOL_CONVERSION = YES;
				CLANG_WARN_CONSTANT_CONVERSION = YES;
				CLANG_WARN_DIRECT_OBJC_ISA_USAGE = YES_ERROR;
				CLANG_WARN_EMPTY_BODY = YES;
				CLANG_WARN_ENUM_CONVERSION = YES;
				CLANG_WARN_INT_CONVERSION = YES;
				CLANG_WARN_OBJC_ROOT_CLASS = YES_ERROR;
				CLANG_WARN_UNREACHABLE_CODE = YES;
				CLANG_WARN__DUPLICATE_METHOD_MATCH = YES;
				CODE_SIGN_IDENTITY = "-";
				COPY_PHASE_STRIP = NO;
				DEBUG_INFORMATION_FORMAT = dwarf;
				ENABLE_STRICT_OBJC_MSGSEND = YES;
				ENABLE_TESTABILITY = YES;
				GCC_C_LANGUAGE_STANDARD = gnu99;
				GCC_DYNAMIC_NO_PIC = NO;
				GCC_NO_COMMON_BLOCKS = YES;
				GCC_OPTIMIZATION_LEVEL = 0;
				GCC_PREPROCESSOR_DEFINITIONS = (
					"DEBUG=1",
					"$(inherited)",
				);
				GCC_WARN_64_TO_32_BIT_CONVERSION = YES;
				GCC_WARN_ABOUT_RETURN_TYPE = YES_ERROR;
				GCC_WARN_UNDECLARED_SELECTOR = YES;
				GCC_WARN_UNINITIALIZED_AUTOS = YES_AGGRESSIVE;
				GCC_WARN_UNUSED_FUNCTION = YES;
				GCC_WARN_UNUSED_VARIABLE = YES;
				MACOSX_DEPLOYMENT_TARGET = 10.11;
				MTL_ENABLE_DEBUG_INFO = YES;
				ONLY_ACTIVE_ARCH = YES;
				SDKROOT = macosx;
				SWIFT_OPTIMIZATION_LEVEL = "-Onone";
			};
			name = Debug;
		};
		D0EFB70B1C5C90E800929E9D /* Release */ = {
			isa = XCBuildConfiguration;
			buildSettings = {
				ALWAYS_SEARCH_USER_PATHS = NO;
				CLANG_CXX_LANGUAGE_STANDARD = "gnu++0x";
				CLANG_CXX_LIBRARY = "libc++";
				CLANG_ENABLE_MODULES = YES;
				CLANG_ENABLE_OBJC_ARC = YES;
				CLANG_WARN_BOOL_CONVERSION = YES;
				CLANG_WARN_CONSTANT_CONVERSION = YES;
				CLANG_WARN_DIRECT_OBJC_ISA_USAGE = YES_ERROR;
				CLANG_WARN_EMPTY_BODY = YES;
				CLANG_WARN_ENUM_CONVERSION = YES;
				CLANG_WARN_INT_CONVERSION = YES;
				CLANG_WARN_OBJC_ROOT_CLASS = YES_ERROR;
				CLANG_WARN_UNREACHABLE_CODE = YES;
				CLANG_WARN__DUPLICATE_METHOD_MATCH = YES;
				CODE_SIGN_IDENTITY = "-";
				COPY_PHASE_STRIP = NO;
				DEBUG_INFORMATION_FORMAT = "dwarf-with-dsym";
				ENABLE_NS_ASSERTIONS = NO;
				ENABLE_STRICT_OBJC_MSGSEND = YES;
				GCC_C_LANGUAGE_STANDARD = gnu99;
				GCC_NO_COMMON_BLOCKS = YES;
				GCC_WARN_64_TO_32_BIT_CONVERSION = YES;
				GCC_WARN_ABOUT_RETURN_TYPE = YES_ERROR;
				GCC_WARN_UNDECLARED_SELECTOR = YES;
				GCC_WARN_UNINITIALIZED_AUTOS = YES_AGGRESSIVE;
				GCC_WARN_UNUSED_FUNCTION = YES;
				GCC_WARN_UNUSED_VARIABLE = YES;
				MACOSX_DEPLOYMENT_TARGET = 10.11;
				MTL_ENABLE_DEBUG_INFO = NO;
				SDKROOT = macosx;
			};
			name = Release;
		};
		D0EFB70D1C5C90E800929E9D /* Debug */ = {
			isa = XCBuildConfiguration;
			buildSettings = {
				ASSETCATALOG_COMPILER_APPICON_NAME = AppIcon;
				COMBINE_HIDPI_IMAGES = YES;
				INFOPLIST_FILE = MyoBeatz4.0/Info.plist;
				LD_RUNPATH_SEARCH_PATHS = "$(inherited) @executable_path/../Frameworks";
				PRODUCT_BUNDLE_IDENTIFIER = "jj.MyoBeatz4-0";
				PRODUCT_NAME = "$(TARGET_NAME)";
			};
			name = Debug;
		};
		D0EFB70E1C5C90E800929E9D /* Release */ = {
			isa = XCBuildConfiguration;
			buildSettings = {
				ASSETCATALOG_COMPILER_APPICON_NAME = AppIcon;
				COMBINE_HIDPI_IMAGES = YES;
				INFOPLIST_FILE = MyoBeatz4.0/Info.plist;
				LD_RUNPATH_SEARCH_PATHS = "$(inherited) @executable_path/../Frameworks";
				PRODUCT_BUNDLE_IDENTIFIER = "jj.MyoBeatz4-0";
				PRODUCT_NAME = "$(TARGET_NAME)";
			};
			name = Release;
		};
		D0EFB7101C5C90E800929E9D /* Debug */ = {
			isa = XCBuildConfiguration;
			buildSettings = {
				BUNDLE_LOADER = "$(TEST_HOST)";
				COMBINE_HIDPI_IMAGES = YES;
				INFOPLIST_FILE = MyoBeatz4.0Tests/Info.plist;
				LD_RUNPATH_SEARCH_PATHS = "$(inherited) @executable_path/../Frameworks @loader_path/../Frameworks";
				PRODUCT_BUNDLE_IDENTIFIER = "jj.MyoBeatz4-0Tests";
				PRODUCT_NAME = "$(TARGET_NAME)";
				TEST_HOST = "$(BUILT_PRODUCTS_DIR)/MyoBeatz4.0.app/Contents/MacOS/MyoBeatz4.0";
			};
			name = Debug;
		};
		D0EFB7111C5C90E800929E9D /* Release */ = {
			isa = XCBuildConfiguration;
			buildSettings = {
				BUNDLE_LOADER = "$(TEST_HOST)";
				COMBINE_HIDPI_IMAGES = YES;
				INFOPLIST_FILE = MyoBeatz4.0Tests/Info.plist;
				LD_RUNPATH_SEARCH_PATHS = "$(inherited) @executable_path/../Frameworks @loader_path/../Frameworks";
				PRODUCT_BUNDLE_IDENTIFIER = "jj.MyoBeatz4-0Tests";
				PRODUCT_NAME = "$(TARGET_NAME)";
				TEST_HOST = "$(BUILT_PRODUCTS_DIR)/MyoBeatz4.0.app/Contents/MacOS/MyoBeatz4.0";
			};
			name = Release;
		};
		D0EFB7131C5C90E800929E9D /* Debug */ = {
			isa = XCBuildConfiguration;
			buildSettings = {
				COMBINE_HIDPI_IMAGES = YES;
				INFOPLIST_FILE = MyoBeatz4.0UITests/Info.plist;
				LD_RUNPATH_SEARCH_PATHS = "$(inherited) @executable_path/../Frameworks @loader_path/../Frameworks";
				PRODUCT_BUNDLE_IDENTIFIER = "jj.MyoBeatz4-0UITests";
				PRODUCT_NAME = "$(TARGET_NAME)";
				TEST_TARGET_NAME = MyoBeatz4.0;
				USES_XCTRUNNER = YES;
			};
			name = Debug;
		};
		D0EFB7141C5C90E800929E9D /* Release */ = {
			isa = XCBuildConfiguration;
			buildSettings = {
				COMBINE_HIDPI_IMAGES = YES;
				INFOPLIST_FILE = MyoBeatz4.0UITests/Info.plist;
				LD_RUNPATH_SEARCH_PATHS = "$(inherited) @executable_path/../Frameworks @loader_path/../Frameworks";
				PRODUCT_BUNDLE_IDENTIFIER = "jj.MyoBeatz4-0UITests";
				PRODUCT_NAME = "$(TARGET_NAME)";
				TEST_TARGET_NAME = MyoBeatz4.0;
				USES_XCTRUNNER = YES;
			};
			name = Release;
		};
/* End XCBuildConfiguration section */

/* Begin XCConfigurationList section */
		D0EFB6E21C5C90E800929E9D /* Build configuration list for PBXProject "MyoBeatz4.0" */ = {
			isa = XCConfigurationList;
			buildConfigurations = (
				D0EFB70A1C5C90E800929E9D /* Debug */,
				D0EFB70B1C5C90E800929E9D /* Release */,
			);
			defaultConfigurationIsVisible = 0;
			defaultConfigurationName = Release;
		};
		D0EFB70C1C5C90E800929E9D /* Build configuration list for PBXNativeTarget "MyoBeatz4.0" */ = {
			isa = XCConfigurationList;
			buildConfigurations = (
				D0EFB70D1C5C90E800929E9D /* Debug */,
				D0EFB70E1C5C90E800929E9D /* Release */,
			);
			defaultConfigurationIsVisible = 0;
			defaultConfigurationName = Release;
		};
		D0EFB70F1C5C90E800929E9D /* Build configuration list for PBXNativeTarget "MyoBeatz4.0Tests" */ = {
			isa = XCConfigurationList;
			buildConfigurations = (
				D0EFB7101C5C90E800929E9D /* Debug */,
				D0EFB7111C5C90E800929E9D /* Release */,
			);
			defaultConfigurationIsVisible = 0;
			defaultConfigurationName = Release;
		};
		D0EFB7121C5C90E800929E9D /* Build configuration list for PBXNativeTarget "MyoBeatz4.0UITests" */ = {
			isa = XCConfigurationList;
			buildConfigurations = (
				D0EFB7131C5C90E800929E9D /* Debug */,
				D0EFB7141C5C90E800929E9D /* Release */,
			);
			defaultConfigurationIsVisible = 0;
			defaultConfigurationName = Release;
		};
/* End XCConfigurationList section */
	};
	rootObject = D0EFB6DF1C5C90E800929E9D /* Project object */;
}
